version: 6
environments:
  default:
    channels:
    - url: https://conda.anaconda.org/conda-forge/
    packages:
      win-64:
      - conda: https://conda.anaconda.org/conda-forge/win-64/bzip2-1.0.8-h0ad9c76_8.conda
      - conda: https://conda.anaconda.org/conda-forge/win-64/c-compiler-1.11.0-h528c1b4_0.conda
      - conda: https://conda.anaconda.org/conda-forge/noarch/ca-certificates-2025.10.5-h4c7d964_0.conda
      - conda: https://conda.anaconda.org/conda-forge/win-64/clang-19-19.1.7-default_hac490eb_5.conda
      - conda: https://conda.anaconda.org/conda-forge/win-64/clang-19.1.7-default_hac490eb_5.conda
      - conda: https://conda.anaconda.org/conda-forge/win-64/cmake-4.1.2-hdcbee5b_0.conda
      - conda: https://conda.anaconda.org/conda-forge/win-64/compiler-rt-19.1.7-h49e36cd_1.conda
      - conda: https://conda.anaconda.org/conda-forge/noarch/compiler-rt_win-64-19.1.7-h49e36cd_1.conda
      - conda: https://conda.anaconda.org/conda-forge/win-64/compilers-1.11.0-h57928b3_0.conda
      - conda: https://conda.anaconda.org/conda-forge/win-64/cxx-compiler-1.11.0-h1c1089f_0.conda
      - conda: https://conda.anaconda.org/conda-forge/win-64/flang-19.1.7-hbeecb71_0.conda
      - conda: https://conda.anaconda.org/conda-forge/win-64/flang_impl_win-64-19.1.7-h719f0c7_0.conda
      - conda: https://conda.anaconda.org/conda-forge/win-64/flang_win-64-19.1.7-h719f0c7_0.conda
      - conda: https://conda.anaconda.org/conda-forge/win-64/fortran-compiler-1.11.0-h95e3450_0.conda
      - conda: https://conda.anaconda.org/conda-forge/win-64/krb5-1.21.3-hdf4eb48_0.conda
      - conda: https://conda.anaconda.org/conda-forge/win-64/libcurl-8.17.0-h43ecb02_0.conda
      - conda: https://conda.anaconda.org/conda-forge/win-64/libexpat-2.7.1-hac47afa_0.conda
      - conda: https://conda.anaconda.org/conda-forge/win-64/libflang-19.1.7-he0c23c2_0.conda
      - conda: https://conda.anaconda.org/conda-forge/win-64/libiconv-1.18-hc1393d2_2.conda
      - conda: https://conda.anaconda.org/conda-forge/win-64/libllvm19-19.1.7-h830ff33_2.conda
      - conda: https://conda.anaconda.org/conda-forge/win-64/liblzma-5.8.1-h2466b09_2.conda
      - conda: https://conda.anaconda.org/conda-forge/win-64/libssh2-1.11.1-h9aa295b_0.conda
      - conda: https://conda.anaconda.org/conda-forge/win-64/libuv-1.51.0-hfd05255_1.conda
      - conda: https://conda.anaconda.org/conda-forge/win-64/libxml2-16-2.15.1-h692994f_0.conda
      - conda: https://conda.anaconda.org/conda-forge/win-64/libxml2-2.15.1-h5d26750_0.conda
      - conda: https://conda.anaconda.org/conda-forge/win-64/libzlib-1.3.1-h2466b09_2.conda
      - conda: https://conda.anaconda.org/conda-forge/win-64/lld-21.1.5-hc465015_0.conda
      - conda: https://conda.anaconda.org/conda-forge/win-64/llvm-tools-19.1.7-h752b59f_2.conda
      - conda: https://conda.anaconda.org/conda-forge/win-64/ninja-1.13.1-h477610d_0.conda
      - conda: https://conda.anaconda.org/conda-forge/win-64/openssl-3.5.4-h725018a_0.conda
      - conda: https://conda.anaconda.org/conda-forge/win-64/poco-1.14.2-h8b29dd2_0.conda
      - conda: https://conda.anaconda.org/conda-forge/win-64/ucrt-10.0.26100.0-h57928b3_0.conda
      - conda: https://conda.anaconda.org/conda-forge/win-64/vc-14.3-h2b53caa_32.conda
      - conda: https://conda.anaconda.org/conda-forge/win-64/vc14_runtime-14.44.35208-h818238b_32.conda
      - conda: https://conda.anaconda.org/conda-forge/win-64/vcomp14-14.44.35208-h818238b_32.conda
      - conda: https://conda.anaconda.org/conda-forge/win-64/vs2022_win-64-19.44.35207-ha74f236_32.conda
      - conda: https://conda.anaconda.org/conda-forge/noarch/vswhere-3.1.7-h40126e0_1.conda
      - conda: https://conda.anaconda.org/conda-forge/win-64/zstd-1.5.7-hbeecb71_2.conda
packages:
- conda: https://conda.anaconda.org/conda-forge/win-64/bzip2-1.0.8-h0ad9c76_8.conda
  sha256: d882712855624641f48aa9dc3f5feea2ed6b4e6004585d3616386a18186fe692
  md5: 1077e9333c41ff0be8edd1a5ec0ddace
  depends:
  - ucrt >=10.0.20348.0
  - vc >=14.3,<15
  - vc14_runtime >=14.44.35208
  license: bzip2-1.0.6
  license_family: BSD
  size: 55977
  timestamp: 1757437738856
- conda: https://conda.anaconda.org/conda-forge/win-64/c-compiler-1.11.0-h528c1b4_0.conda
  sha256: 55e04bd4af61500cb8cae064386be57d18fbfdf676655ff1c97c7e5d146c6e34
  md5: 6d994ff9ab924ba11c2c07e93afbe485
  depends:
  - vs2022_win-64
  license: BSD-3-Clause
  license_family: BSD
  size: 6938
  timestamp: 1753098808371
- conda: https://conda.anaconda.org/conda-forge/noarch/ca-certificates-2025.10.5-h4c7d964_0.conda
  sha256: bfb7f9f242f441fdcd80f1199edd2ecf09acea0f2bcef6f07d7cbb1a8131a345
  md5: e54200a1cd1fe33d61c9df8d3b00b743
  depends:
  - __win
  license: ISC
  size: 156354
  timestamp: 1759649104842
- conda: https://conda.anaconda.org/conda-forge/win-64/clang-19.1.7-default_hac490eb_5.conda
  sha256: 05aaf18e0ecdff80dcf865354fafe39c713350b948bd7378b00c8ecbf3c97755
  md5: 57f4b8f3549fec0be4c674a269e507b9
  depends:
  - clang-19 19.1.7 default_hac490eb_5
  - libzlib >=1.3.1,<2.0a0
  - ucrt >=10.0.20348.0
  - vc >=14.3,<15
  - vc14_runtime >=14.44.35208
  - zstd >=1.5.7,<1.6.0a0
  license: Apache-2.0 WITH LLVM-exception
  license_family: Apache
  size: 102209660
  timestamp: 1759440377684
- conda: https://conda.anaconda.org/conda-forge/win-64/clang-19-19.1.7-default_hac490eb_5.conda
  sha256: e0053285b5685634c77b17f8ef13130b44042fe5fa56f1f95c3c8278149aa084
  md5: 27ad94721c72e5118f9c498b1b83ab08
  depends:
  - libzlib >=1.3.1,<2.0a0
  - ucrt >=10.0.20348.0
  - vc >=14.3,<15
  - vc14_runtime >=14.44.35208
  - zstd >=1.5.7,<1.6.0a0
  license: Apache-2.0 WITH LLVM-exception
  license_family: Apache
  size: 68854476
  timestamp: 1759440102943
- conda: https://conda.anaconda.org/conda-forge/win-64/cmake-4.1.2-hdcbee5b_0.conda
  sha256: 2f0e2132c65b627c07c6d97eec8664c3849222dda89e871072df346ef4df205b
  md5: b01b4bc10b2a81c40d239e2ffe8ad987
  depends:
  - bzip2 >=1.0.8,<2.0a0
  - libcurl >=8.14.1,<9.0a0
  - libexpat >=2.7.1,<3.0a0
  - liblzma >=5.8.1,<6.0a0
  - libuv >=1.51.0,<2.0a0
  - libzlib >=1.3.1,<2.0a0
  - ucrt >=10.0.20348.0
  - vc14_runtime >=14.44.35208
  - zstd >=1.5.7,<1.6.0a0
  license: BSD-3-Clause
  license_family: BSD
  size: 14963641
  timestamp: 1759261950341
- conda: https://conda.anaconda.org/conda-forge/win-64/compiler-rt-19.1.7-h49e36cd_1.conda
  sha256: b942211b4557680dae103a6de69f411d85973b499bc7db9bf5dd0a66f0836f3b
  md5: ebd0e08326cd166eb95a9956875303c3
  depends:
  - clang 19.1.7.*
  - compiler-rt_win-64 19.1.7.*
  - ucrt >=10.0.20348.0
  - vc >=14.3,<15
  - vc14_runtime >=14.44.35208
  license: Apache-2.0 WITH LLVM-exception
  license_family: APACHE
  size: 4688306
  timestamp: 1757412257734
- conda: https://conda.anaconda.org/conda-forge/noarch/compiler-rt_win-64-19.1.7-h49e36cd_1.conda
  sha256: 5d43e1f0e5b66edc43f57e8c3ea502ce976f86d8eec2de51d21a3a51802b2e72
  md5: dd4b9fef3c46e061a1b5e6698b17d5ff
  depends:
  - clang 19.1.7.*
  constrains:
  - compiler-rt 19.1.7
  - clangxx 19.1.7
  license: Apache-2.0 WITH LLVM-exception
  license_family: APACHE
  size: 4516463
  timestamp: 1757412208086
- conda: https://conda.anaconda.org/conda-forge/win-64/compilers-1.11.0-h57928b3_0.conda
  sha256: 37d51307f25e1d446b458881b366331e2c5b4c661b04c472f70408edac309b1f
  md5: 13095e0e8944fcdecae4c16812c0a608
  depends:
  - c-compiler 1.11.0 h528c1b4_0
  - cxx-compiler 1.11.0 h1c1089f_0
  - fortran-compiler 1.11.0 h95e3450_0
  license: BSD-3-Clause
  license_family: BSD
  size: 7886
  timestamp: 1753098810030
- conda: https://conda.anaconda.org/conda-forge/win-64/cxx-compiler-1.11.0-h1c1089f_0.conda
  sha256: c888f4fe9ec117c1c01bfaa4c722ca475ebbb341c92d1718afa088bb0d710619
  md5: 4d94d3c01add44dc9d24359edf447507
  depends:
  - vs2022_win-64
  license: BSD-3-Clause
  license_family: BSD
  size: 6957
  timestamp: 1753098809481
- conda: https://conda.anaconda.org/conda-forge/win-64/flang-19.1.7-hbeecb71_0.conda
  sha256: 36cff091f0dc82c022225e51ebd1d2eba6269144c0c19580d3b313e430a70740
  md5: a00b1ff46537989d170dda28dd99975f
  depends:
  - clang 19.1.7
  - compiler-rt 19.1.7
  - libflang 19.1.7 he0c23c2_0
  - libzlib >=1.3.1,<2.0a0
  - ucrt >=10.0.20348.0
  - vc >=14.2,<15
  - vc14_runtime >=14.29.30139
  - zstd >=1.5.6,<1.6.0a0
  license: Apache-2.0
  license_family: APACHE
  size: 104605360
  timestamp: 1737060473360
- conda: https://conda.anaconda.org/conda-forge/win-64/flang_impl_win-64-19.1.7-h719f0c7_0.conda
  sha256: d6221674b51284ae2ec453b7f21e7411b480ed764af3f406ac4c3b9633c1f731
  md5: cfe473c47c0cb5f30afd755710436e63
  depends:
  - compiler-rt_win-64 19.1.7.*
  - flang 19.1.7.*
  - libflang >=19.1.7
  - lld
  - llvm-tools
  license: BSD-3-Clause
  license_family: BSD
  size: 8816
  timestamp: 1737072632358
- conda: https://conda.anaconda.org/conda-forge/win-64/flang_win-64-19.1.7-h719f0c7_0.conda
  sha256: 7132f5b380c5795a15c5ec09f2bd0dd5c80cda88c9e2202e43cf17c727afd223
  md5: 86fbc1060058bd120a9619b69d4c7bc9
  depends:
  - flang_impl_win-64 19.1.7 h719f0c7_0
  license: BSD-3-Clause
  license_family: BSD
  size: 9707
  timestamp: 1737072650963
- conda: https://conda.anaconda.org/conda-forge/win-64/fortran-compiler-1.11.0-h95e3450_0.conda
  sha256: 9378136997003be05b4377bef00f414f73f6ed2ec3a8505467bd6eaf0dea2acb
  md5: c9e93abb0200067d40aa42c96fe1a156
  depends:
  - flang_win-64 19.*
  license: BSD-3-Clause
  license_family: BSD
  size: 6980
  timestamp: 1753098809764
- conda: https://conda.anaconda.org/conda-forge/win-64/krb5-1.21.3-hdf4eb48_0.conda
  sha256: 18e8b3430d7d232dad132f574268f56b3eb1a19431d6d5de8c53c29e6c18fa81
  md5: 31aec030344e962fbd7dbbbbd68e60a9
  depends:
  - openssl >=3.3.1,<4.0a0
  - ucrt >=10.0.20348.0
  - vc >=14.2,<15
  - vc14_runtime >=14.29.30139
  license: MIT
  license_family: MIT
  size: 712034
  timestamp: 1719463874284
- conda: https://conda.anaconda.org/conda-forge/win-64/libcurl-8.17.0-h43ecb02_0.conda
  sha256: 651daa5d2bad505b5c72b1d5d4d8c7fc0776ab420e67af997ca9391b6854b1b3
  md5: cfade9be135edb796837e7d4c288c0fb
  depends:
  - krb5 >=1.21.3,<1.22.0a0
  - libssh2 >=1.11.1,<2.0a0
  - libzlib >=1.3.1,<2.0a0
  - ucrt >=10.0.20348.0
  - vc >=14.3,<15
  - vc14_runtime >=14.44.35208
  license: curl
  license_family: MIT
  size: 378897
  timestamp: 1762333969177
- conda: https://conda.anaconda.org/conda-forge/win-64/libexpat-2.7.1-hac47afa_0.conda
  sha256: 8432ca842bdf8073ccecf016ccc9140c41c7114dc4ec77ca754551c01f780845
  md5: 3608ffde260281fa641e70d6e34b1b96
  depends:
  - ucrt >=10.0.20348.0
  - vc >=14.3,<15
  - vc14_runtime >=14.44.35208
  constrains:
  - expat 2.7.1.*
  license: MIT
  license_family: MIT
  size: 141322
  timestamp: 1752719767870
- conda: https://conda.anaconda.org/conda-forge/win-64/libflang-19.1.7-he0c23c2_0.conda
  sha256: 4dac20c835ee06d779570b3bae9ff1310192c9d78b73a2451a5076192ef22973
  md5: 52bd262ceddf6dec90b1bdb5472bb34e
  depends:
  - ucrt >=10.0.20348.0
  - vc >=14.2,<15
  - vc14_runtime >=14.29.30139
  license: Apache-2.0
  license_family: APACHE
  size: 1165791
  timestamp: 1737060291864
- conda: https://conda.anaconda.org/conda-forge/win-64/libiconv-1.18-hc1393d2_2.conda
  sha256: 0dcdb1a5f01863ac4e8ba006a8b0dc1a02d2221ec3319b5915a1863254d7efa7
  md5: 64571d1dd6cdcfa25d0664a5950fdaa2
  depends:
  - ucrt >=10.0.20348.0
  - vc >=14.3,<15
  - vc14_runtime >=14.44.35208
  license: LGPL-2.1-only
  size: 696926
  timestamp: 1754909290005
- conda: https://conda.anaconda.org/conda-forge/win-64/libllvm19-19.1.7-h830ff33_2.conda
  sha256: a10457abcb83964bfaf6ba48dcae013823a3ed6ffa988623f744f56156e24721
  md5: f5a11003ca45a1c81eb72d987cff65b5
  depends:
  - libzlib >=1.3.1,<2.0a0
  - ucrt >=10.0.20348.0
  - vc >=14.3,<15
  - vc14_runtime >=14.44.35208
  - zstd >=1.5.7,<1.6.0a0
  license: Apache-2.0 WITH LLVM-exception
  license_family: Apache
  size: 55363
  timestamp: 1757353124091
- conda: https://conda.anaconda.org/conda-forge/win-64/liblzma-5.8.1-h2466b09_2.conda
  sha256: 55764956eb9179b98de7cc0e55696f2eff8f7b83fc3ebff5e696ca358bca28cc
  md5: c15148b2e18da456f5108ccb5e411446
  depends:
  - ucrt >=10.0.20348.0
  - vc >=14.2,<15
  - vc14_runtime >=14.29.30139
  constrains:
  - xz 5.8.1.*
  license: 0BSD
  size: 104935
  timestamp: 1749230611612
- conda: https://conda.anaconda.org/conda-forge/win-64/libssh2-1.11.1-h9aa295b_0.conda
  sha256: cbdf93898f2e27cefca5f3fe46519335d1fab25c4ea2a11b11502ff63e602c09
  md5: 9dce2f112bfd3400f4f432b3d0ac07b2
  depends:
  - libzlib >=1.3.1,<2.0a0
  - openssl >=3.5.0,<4.0a0
  - ucrt >=10.0.20348.0
  - vc >=14.2,<15
  - vc14_runtime >=14.29.30139
  license: BSD-3-Clause
  license_family: BSD
  size: 292785
  timestamp: 1745608759342
- conda: https://conda.anaconda.org/conda-forge/win-64/libuv-1.51.0-hfd05255_1.conda
  sha256: f03dc82e6fb1725788e73ae97f0cd3d820d5af0d351a274104a0767035444c59
  md5: 31e1545994c48efc3e6ea32ca02a8724
  depends:
  - ucrt >=10.0.20348.0
  - vc >=14.3,<15
  - vc14_runtime >=14.44.35208
  license: MIT
  license_family: MIT
  size: 297087
  timestamp: 1753948490874
- conda: https://conda.anaconda.org/conda-forge/win-64/libxml2-2.15.1-h5d26750_0.conda
  sha256: f507960adf64ee9c9c7b7833d8b11980765ebd2bf5345f73d5a3b21b259eaed5
  md5: 9176ee05643a1bfe7f2e7b4c921d2c3d
  depends:
  - libiconv >=1.18,<2.0a0
  - liblzma >=5.8.1,<6.0a0
  - libxml2-16 2.15.1 h692994f_0
  - libzlib >=1.3.1,<2.0a0
  - ucrt >=10.0.20348.0
  - vc >=14.3,<15
  - vc14_runtime >=14.44.35208
  constrains:
  - icu <0.0a0
  license: MIT
  license_family: MIT
  size: 43209
  timestamp: 1761016354235
- conda: https://conda.anaconda.org/conda-forge/win-64/libxml2-16-2.15.1-h692994f_0.conda
  sha256: 04129dc2df47a01c55e5ccf8a18caefab94caddec41b3b10fbc409e980239eb9
  md5: 70ca4626111579c3cd63a7108fe737f9
  depends:
  - libiconv >=1.18,<2.0a0
  - liblzma >=5.8.1,<6.0a0
  - libzlib >=1.3.1,<2.0a0
  - ucrt >=10.0.20348.0
  - vc >=14.3,<15
  - vc14_runtime >=14.44.35208
  constrains:
  - icu <0.0a0
  - libxml2 2.15.1
  license: MIT
  license_family: MIT
  size: 518135
  timestamp: 1761016320405
- conda: https://conda.anaconda.org/conda-forge/win-64/libzlib-1.3.1-h2466b09_2.conda
  sha256: ba945c6493449bed0e6e29883c4943817f7c79cbff52b83360f7b341277c6402
  md5: 41fbfac52c601159df6c01f875de31b9
  depends:
  - ucrt >=10.0.20348.0
  - vc >=14.2,<15
  - vc14_runtime >=14.29.30139
  constrains:
  - zlib 1.3.1 *_2
  license: Zlib
  license_family: Other
  size: 55476
  timestamp: 1727963768015
- conda: https://conda.anaconda.org/conda-forge/win-64/lld-21.1.5-hc465015_0.conda
  sha256: 524e3f1973d6acdfb4b35cf19b9e3f1bcbbafda686e755c53a92ccb37eff0353
  md5: a44ba30c93be106c634fa456b5d8ee7d
  depends:
  - libxml2
  - libxml2-16 >=2.14.6
  - libzlib >=1.3.1,<2.0a0
  - ucrt >=10.0.20348.0
  - vc >=14.3,<15
  - vc14_runtime >=14.44.35208
  - zstd >=1.5.7,<1.6.0a0
  constrains:
  - llvm ==21.1.5
  license: Apache-2.0 WITH LLVM-exception
  license_family: APACHE
  size: 135809969
  timestamp: 1762316692277
- conda: https://conda.anaconda.org/conda-forge/win-64/llvm-tools-19.1.7-h752b59f_2.conda
  sha256: 439ce0b6c7e5e37b368fa1170b91b508b56a105e32b15d35d82cc3e964b83238
  md5: 7f24c6c3a50f271f3a3af1ffc1cfff6c
  depends:
  - libllvm19 19.1.7 h830ff33_2
  - libxml2
  - libxml2-16 >=2.14.5
  - libzlib >=1.3.1,<2.0a0
  - ucrt >=10.0.20348.0
  - vc >=14.3,<15
  - vc14_runtime >=14.44.35208
  - zstd >=1.5.7,<1.6.0a0
  constrains:
  - clang       19.1.7
  - clang-tools 19.1.7
  - llvm        19.1.7
  - llvmdev     19.1.7
  license: Apache-2.0 WITH LLVM-exception
  license_family: Apache
  size: 397402701
  timestamp: 1757353585626
- conda: https://conda.anaconda.org/conda-forge/win-64/ninja-1.13.1-h477610d_0.conda
  sha256: c5d1da3a21e1749286dba462e05be817bfb9ff50597e6f13645c98138a50cd56
  md5: b8a603d4b32e113e3551b257b677de67
  depends:
  - vc >=14.3,<15
  - vc14_runtime >=14.44.35208
  - ucrt >=10.0.20348.0
  - vc >=14.3,<15
  - vc14_runtime >=14.44.35208
  - ucrt >=10.0.20348.0
  license: Apache-2.0
  license_family: APACHE
  size: 309517
  timestamp: 1752218329097
- conda: https://conda.anaconda.org/conda-forge/win-64/openssl-3.5.4-h725018a_0.conda
  sha256: 5ddc1e39e2a8b72db2431620ad1124016f3df135f87ebde450d235c212a61994
  md5: f28ffa510fe055ab518cbd9d6ddfea23
  depends:
  - ca-certificates
  - ucrt >=10.0.20348.0
  - vc >=14.3,<15
  - vc14_runtime >=14.44.35208
  license: Apache-2.0
  license_family: Apache
  size: 9218823
  timestamp: 1759326176247
- conda: https://conda.anaconda.org/conda-forge/win-64/poco-1.14.2-h8b29dd2_0.conda
  sha256: bfaafb96880645d6cabcd2bb34d84cc616a12f585c4833fca12e6d43920f9846
  md5: 11ca7f477c1318bb008c52ce32d10699
  depends:
  - openssl >=3.5.0,<4.0a0
  - ucrt >=10.0.20348.0
  - vc >=14.2,<15
  - vc14_runtime >=14.29.30139
  license: BSL-1.0
  license_family: OTHER
  size: 4024913
  timestamp: 1747060577645
- conda: https://conda.anaconda.org/conda-forge/win-64/ucrt-10.0.26100.0-h57928b3_0.conda
  sha256: 3005729dce6f3d3f5ec91dfc49fc75a0095f9cd23bab49efb899657297ac91a5
  md5: 71b24316859acd00bdb8b38f5e2ce328
  constrains:
  - vc14_runtime >=14.29.30037
  - vs2015_runtime >=14.29.30037
  license: LicenseRef-MicrosoftWindowsSDK10
  size: 694692
  timestamp: 1756385147981
- conda: https://conda.anaconda.org/conda-forge/win-64/vc-14.3-h2b53caa_32.conda
  sha256: 82250af59af9ff3c6a635dd4c4764c631d854feb334d6747d356d949af44d7cf
  md5: ef02bbe151253a72b8eda264a935db66
  depends:
  - vc14_runtime >=14.42.34433
  track_features:
  - vc14
  license: BSD-3-Clause
  license_family: BSD
  size: 18861
  timestamp: 1760418772353
- conda: https://conda.anaconda.org/conda-forge/win-64/vc14_runtime-14.44.35208-h818238b_32.conda
  sha256: e3a3656b70d1202e0d042811ceb743bd0d9f7e00e2acdf824d231b044ef6c0fd
  md5: 378d5dcec45eaea8d303da6f00447ac0
  depends:
  - ucrt >=10.0.20348.0
  - vcomp14 14.44.35208 h818238b_32
  constrains:
  - vs2015_runtime 14.44.35208.* *_32
  license: LicenseRef-MicrosoftVisualCpp2015-2022Runtime
  license_family: Proprietary
  size: 682706
  timestamp: 1760418629729
- conda: https://conda.anaconda.org/conda-forge/win-64/vcomp14-14.44.35208-h818238b_32.conda
  sha256: f3790c88fbbdc55874f41de81a4237b1b91eab75e05d0e58661518ff04d2a8a1
  md5: 58f67b437acbf2764317ba273d731f1d
  depends:
  - ucrt >=10.0.20348.0
  constrains:
  - vs2015_runtime 14.44.35208.* *_32
  license: LicenseRef-MicrosoftVisualCpp2015-2022Runtime
  license_family: Proprietary
  size: 114846
  timestamp: 1760418593847
- conda: https://conda.anaconda.org/conda-forge/win-64/vs2022_win-64-19.44.35207-ha74f236_32.conda
  sha256: 0694683d118d0d8448cd997fe776dbe33858c0f3957d9886b2b855220babe895
  md5: c61ef6a81142ee3bd6c3b0c9a0c91e35
  depends:
  - vswhere
  constrains:
  - vs_win-64 2022.14
  track_features:
  - vc14
  license: BSD-3-Clause
  license_family: BSD
  size: 22206
  timestamp: 1760418596437
- conda: https://conda.anaconda.org/conda-forge/noarch/vswhere-3.1.7-h40126e0_1.conda
  sha256: b72270395326dc56de9bd6ca82f63791b3c8c9e2b98e25242a9869a4ca821895
  md5: f622897afff347b715d046178ad745a5
  depends:
  - __win
  license: MIT
  license_family: MIT
  size: 238764
  timestamp: 1745560912727
- conda: https://conda.anaconda.org/conda-forge/win-64/zstd-1.5.7-hbeecb71_2.conda
  sha256: bc64864377d809b904e877a98d0584f43836c9f2ef27d3d2a1421fa6eae7ca04
  md5: 21f56217d6125fb30c3c3f10c786d751
  depends:
  - libzlib >=1.3.1,<2.0a0
  - ucrt >=10.0.20348.0
  - vc >=14.2,<15
  - vc14_runtime >=14.29.30139
  license: BSD-3-Clause
  license_family: BSD
  size: 354697
  timestamp: 1742433568506
